
Microsoft Visual Studio Solution File, Format Version 12.00
# Visual Studio Version 17
VisualStudioVersion = 17.10.35013.160
MinimumVisualStudioVersion = 10.0.40219.1
Project("{9A19103F-16F7-4668-BE54-9A1E7A4F7556}") = "FitYouFood.API", "FitYouFood\FitYouFood.API.csproj", "{4D4326FA-7F86-4F08-86CF-7382E618259B}"
EndProject
Project("{9A19103F-16F7-4668-BE54-9A1E7A4F7556}") = "FitYouFood.Core", "FitYouFood.Core\FitYouFood.Core.csproj", "{66AD6812-34A2-4F70-8117-A6665F7E1D4C}"
EndProject
Project("{9A19103F-16F7-4668-BE54-9A1E7A4F7556}") = "FitYouFood.Infrastructure", "FitYouFood.Infrastructure\FitYouFood.Infrastructure.csproj", "{3A053355-915E-416E-9BF7-22165CAB82CE}"
EndProject
Global
	GlobalSection(SolutionConfigurationPlatforms) = preSolution
		Debug|Any CPU = Debug|Any CPU
		Release|Any CPU = Release|Any CPU
	EndGlobalSection
	GlobalSection(ProjectConfigurationPlatforms) = postSolution
		{4D4326FA-7F86-4F08-86CF-7382E618259B}.Debug|Any CPU.ActiveCfg = Debug|Any CPU
		{4D4326FA-7F86-4F08-86CF-7382E618259B}.Debug|Any CPU.Build.0 = Debug|Any CPU
		{4D4326FA-7F86-4F08-86CF-7382E618259B}.Release|Any CPU.ActiveCfg = Release|Any CPU
		{4D4326FA-7F86-4F08-86CF-7382E618259B}.Release|Any CPU.Build.0 = Release|Any CPU
		{66AD6812-34A2-4F70-8117-A6665F7E1D4C}.Debug|Any CPU.ActiveCfg = Debug|Any CPU
		{66AD6812-34A2-4F70-8117-A6665F7E1D4C}.Debug|Any CPU.Build.0 = Debug|Any CPU
		{66AD6812-34A2-4F70-8117-A6665F7E1D4C}.Release|Any CPU.ActiveCfg = Release|Any CPU
		{66AD6812-34A2-4F70-8117-A6665F7E1D4C}.Release|Any CPU.Build.0 = Release|Any CPU
		{3A053355-915E-416E-9BF7-22165CAB82CE}.Debug|Any CPU.ActiveCfg = Debug|Any CPU
		{3A053355-915E-416E-9BF7-22165CAB82CE}.Debug|Any CPU.Build.0 = Debug|Any CPU
		{3A053355-915E-416E-9BF7-22165CAB82CE}.Release|Any CPU.ActiveCfg = Release|Any CPU
		{3A053355-915E-416E-9BF7-22165CAB82CE}.Release|Any CPU.Build.0 = Release|Any CPU
	EndGlobalSection
	GlobalSection(SolutionProperties) = preSolution
		HideSolutionNode = FALSE
	EndGlobalSection
	GlobalSection(ExtensibilityGlobals) = postSolution
		SolutionGuid = {11BF5FE6-993E-4C89-B4B4-B875FED9C817}
	EndGlobalSection
EndGlobal
